
Microsoft Visual Studio Solution File, Format Version 12.00
# Visual Studio 15
VisualStudioVersion = 15.0.27428.2037
MinimumVisualStudioVersion = 10.0.40219.1
Project("{FAE04EC0-301F-11D3-BF4B-00C04F79EFBC}") = "KernelOne", "KernelOne\KernelOne.csproj", "{9E74B793-0F97-44CC-8B72-90F3620C4E76}"
EndProject
Global
	GlobalSection(SolutionConfigurationPlatforms) = preSolution
		Debug|Any CPU = Debug|Any CPU
		Release|Any CPU = Release|Any CPU
	EndGlobalSection
	GlobalSection(ProjectConfigurationPlatforms) = postSolution
		{9E74B793-0F97-44CC-8B72-90F3620C4E76}.Debug|Any CPU.ActiveCfg = Debug|Any CPU
		{9E74B793-0F97-44CC-8B72-90F3620C4E76}.Debug|Any CPU.Build.0 = Debug|Any CPU
		{9E74B793-0F97-44CC-8B72-90F3620C4E76}.Release|Any CPU.ActiveCfg = Release|Any CPU
		{9E74B793-0F97-44CC-8B72-90F3620C4E76}.Release|Any CPU.Build.0 = Release|Any CPU
	EndGlobalSection
	GlobalSection(SolutionProperties) = preSolution
		HideSolutionNode = FALSE
	EndGlobalSection
	GlobalSection(ExtensibilityGlobals) = postSolution
		SolutionGuid = {8300DA69-3C73-499B-8B76-52F7F63CAA3D}
	EndGlobalSection
EndGlobal
